<?xml version="1.0" encoding="utf-8"?>
<Project ToolsVersion="4.0" xmlns="http://schemas.microsoft.com/developer/msbuild/2003">
  <ItemGroup>
    <Filter Include="Source Files">
      <UniqueIdentifier>{4FC737F1-C7A5-4376-A066-2A32D752A2FF}</UniqueIdentifier>
      <Extensions>cpp;c;cc;cxx;c++;cppm;ixx;def;odl;idl;hpj;bat;asm;asmx</Extensions>
    </Filter>
    <Filter Include="Header Files">
      <UniqueIdentifier>{93995380-89BD-4b04-88EB-625FBE52EBFB}</UniqueIdentifier>
      <Extensions>h;hh;hpp;hxx;h++;hm;inl;inc;ipp;xsd</Extensions>
    </Filter>
    <Filter Include="Resource Files">
      <UniqueIdentifier>{67DA6AB6-F800-4c08-8B7A-83BB121AAD01}</UniqueIdentifier>
      <Extensions>rc;ico;cur;bmp;dlg;rc2;rct;bin;rgs;gif;jpg;jpeg;jpe;resx;tiff;tif;png;wav;mfcribbon-ms</Extensions>
    </Filter>
  </ItemGroup>
  <ItemGroup>
    <ClInclude Include="Solution58.h">
      <Filter>Header Files</Filter>
    </ClInclude>
    <ClInclude Include="L.h">
      <Filter>Header Files</Filter>
    </ClInclude>
    <ClInclude Include="Solution35.h">
      <Filter>Header Files</Filter>
    </ClInclude>
    <ClInclude Include="Solution83.h">
      <Filter>Header Files</Filter>
    </ClInclude>
    <ClInclude Include="Solution136.h">
      <Filter>Header Files</Filter>
    </ClInclude>
    <ClInclude Include="Solution108.h">
      <Filter>Header Files</Filter>
    </ClInclude>
    <ClInclude Include="Solution100.h">
      <Filter>Header Files</Filter>
    </ClInclude>
    <ClInclude Include="Solution103.h">
      <Filter>Header Files</Filter>
    </ClInclude>
    <ClInclude Include="Solution110.h">
      <Filter>Header Files</Filter>
    </ClInclude>
    <ClInclude Include="Solution105.h">
      <Filter>Header Files</Filter>
    </ClInclude>
    <ClInclude Include="Solution141.h">
      <Filter>Header Files</Filter>
    </ClInclude>
    <ClInclude Include="Solution111.h">
      <Filter>Header Files</Filter>
    </ClInclude>
    <ClInclude Include="Solution102.h">
      <Filter>Header Files</Filter>
    </ClInclude>
    <ClInclude Include="Solution160.h">
      <Filter>Header Files</Filter>
    </ClInclude>
    <ClInclude Include="Solution8.h">
      <Filter>Header Files</Filter>
    </ClInclude>
    <ClInclude Include="Solution168.h">
      <Filter>Header Files</Filter>
    </ClInclude>
    <ClInclude Include="Solution113.h">
      <Filter>Header Files</Filter>
    </ClInclude>
    <ClInclude Include="Solution222.h">
      <Filter>Header Files</Filter>
    </ClInclude>
    <ClInclude Include="Solution86.h">
      <Filter>Header Files</Filter>
    </ClInclude>
    <ClInclude Include="Solution33.h">
      <Filter>Header Files</Filter>
    </ClInclude>
    <ClInclude Include="Solution14.h">
      <Filter>Header Files</Filter>
    </ClInclude>
    <ClInclude Include="Solution169.h">
      <Filter>Header Files</Filter>
    </ClInclude>
    <ClInclude Include="Solution171.h">
      <Filter>Header Files</Filter>
    </ClInclude>
    <ClInclude Include="Solution3.h">
      <Filter>Header Files</Filter>
    </ClInclude>
    <ClInclude Include="Solution17.h">
      <Filter>Header Files</Filter>
    </ClInclude>
    <ClInclude Include="Solution202.h">
      <Filter>Header Files</Filter>
    </ClInclude>
    <ClInclude Include="Solution917.h">
      <Filter>Header Files</Filter>
    </ClInclude>
    <ClInclude Include="Solution859.h">
      <Filter>Header Files</Filter>
    </ClInclude>
    <ClInclude Include="Solution27.h">
      <Filter>Header Files</Filter>
    </ClInclude>
    <ClInclude Include="Solution2367.h">
      <Filter>Header Files</Filter>
    </ClInclude>
    <ClInclude Include="Solution2914.h">
      <Filter>Header Files</Filter>
    </ClInclude>
    <ClInclude Include="Solution383.h">
      <Filter>Header Files</Filter>
    </ClInclude>
    <ClInclude Include="Solution1.h">
      <Filter>Header Files</Filter>
    </ClInclude>
    <ClInclude Include="Solution2.h">
      <Filter>Header Files</Filter>
    </ClInclude>
    <ClInclude Include="Solution392.h">
      <Filter>Header Files</Filter>
    </ClInclude>
    <ClInclude Include="Solution26.h">
      <Filter>Header Files</Filter>
    </ClInclude>
    <ClInclude Include="Solution80.h">
      <Filter>Header Files</Filter>
    </ClInclude>
    <ClInclude Include="Solution88.h">
      <Filter>Header Files</Filter>
    </ClInclude>
    <ClInclude Include="Solution189.h">
      <Filter>Header Files</Filter>
    </ClInclude>
    <ClInclude Include="Solution121.h">
      <Filter>Header Files</Filter>
    </ClInclude>
    <ClInclude Include="Solution122.h">
      <Filter>Header Files</Filter>
    </ClInclude>
    <ClInclude Include="Solution55.h">
      <Filter>Header Files</Filter>
    </ClInclude>
    <ClInclude Include="Solution45.h">
      <Filter>Header Files</Filter>
    </ClInclude>
    <ClInclude Include="Solution290.h">
      <Filter>Header Files</Filter>
    </ClInclude>
    <ClInclude Include="Solution242.h">
      <Filter>Header Files</Filter>
    </ClInclude>
    <ClInclude Include="Solution217.h">
      <Filter>Header Files</Filter>
    </ClInclude>
    <ClInclude Include="Solution219.h">
      <Filter>Header Files</Filter>
    </ClInclude>
    <ClInclude Include="Solution228.h">
      <Filter>Header Files</Filter>
    </ClInclude>
    <ClInclude Include="Solution3191.h">
      <Filter>Header Files</Filter>
    </ClInclude>
    <ClInclude Include="Solution3169.h">
      <Filter>Header Files</Filter>
    </ClInclude>
    <ClInclude Include="Solution56.h">
      <Filter>Header Files</Filter>
    </ClInclude>
    <ClInclude Include="Solution2033.h">
      <Filter>Header Files</Filter>
    </ClInclude>
    <ClInclude Include="Solution1007.h">
      <Filter>Header Files</Filter>
    </ClInclude>
    <ClInclude Include="Solution2918.h">
      <Filter>Header Files</Filter>
    </ClInclude>
    <ClInclude Include="Solution1550.h">
      <Filter>Header Files</Filter>
    </ClInclude>
    <ClInclude Include="Solution2900.h">
      <Filter>Header Files</Filter>
    </ClInclude>
    <ClInclude Include="Solution75.h">
      <Filter>Header Files</Filter>
    </ClInclude>
    <ClInclude Include="Solution3024.h">
      <Filter>Header Files</Filter>
    </ClInclude>
    <ClInclude Include="Solution3355.h">
      <Filter>Header Files</Filter>
    </ClInclude>
    <ClInclude Include="Solution73.h">
      <Filter>Header Files</Filter>
    </ClInclude>
    <ClInclude Include="Solution2929.h">
      <Filter>Header Files</Filter>
    </ClInclude>
    <ClInclude Include="Solution386.h">
      <Filter>Header Files</Filter>
    </ClInclude>
    <ClInclude Include="Solution3442.h">
      <Filter>Header Files</Filter>
    </ClInclude>
    <ClInclude Include="Solution3423.h">
      <Filter>Header Files</Filter>
    </ClInclude>
    <ClInclude Include="Solution2016.h">
      <Filter>Header Files</Filter>
    </ClInclude>
    <ClInclude Include="Solution1498.h">
      <Filter>Header Files</Filter>
    </ClInclude>
    <ClInclude Include="Solution594.h">
      <Filter>Header Files</Filter>
    </ClInclude>
    <ClInclude Include="Solution3330.h">
      <Filter>Header Files</Filter>
    </ClInclude>
    <ClInclude Include="Solution3201.h">
      <Filter>Header Files</Filter>
    </ClInclude>
    <ClInclude Include="Solution3202.h">
      <Filter>Header Files</Filter>
    </ClInclude>
  </ItemGroup>
  <ItemGroup>
    <ClCompile Include="Solution112.h">
      <Filter>Header Files</Filter>
    </ClCompile>
    <ClCompile Include="Test3.cpp">
      <Filter>Source Files</Filter>
    </ClCompile>
    <ClCompile Include="Test917.cpp">
      <Filter>Source Files</Filter>
    </ClCompile>
    <ClCompile Include="Test2914.cpp">
      <Filter>Source Files</Filter>
    </ClCompile>
    <ClCompile Include="Test386.cpp">
      <Filter>Source Files</Filter>
    </ClCompile>
  </ItemGroup>
</Project>